lockfileVersion: '6.0'

settings:
  autoInstallPeers: true
  excludeLinksFromLockfile: false

dependencies:
  '@types/node':
    specifier: ^20.10.0
    version: 20.10.0
  node-ts:
    specifier: ^6.0.1
    version: 6.0.1

packages:

  /@rauschma/stringio@1.4.0:
    resolution: {integrity: sha512-3uor2f/MXZkmX5RJf8r+OC3WvZVzpSme0yyL0rQDPEnatE02qRcqwEwnsgpgriEck0S/n4vWtUd6tTtrJwk45Q==}
    dependencies:
      '@types/node': 10.17.60
    dev: false

  /@types/node@10.17.60:
    resolution: {integrity: sha512-F0KIgDJfy2nA3zMLmWGKxcH2ZVEtCZXHHdOQs2gSaQ27+lNeEfGxzkIw90aXswATX7AZ33tahPbzy6KAfUreVw==}
    dev: false

  /@types/node@20.10.0:
    resolution: {integrity: sha512-D0WfRmU9TQ8I9PFx9Yc+EBHw+vSpIub4IDvQivcp26PtPrdMGAq5SDcpXEo/epqa/DXotVpekHiLNTg3iaKXBQ==}
    dependencies:
      undici-types: 5.26.5
    dev: false

  /node-ts@6.0.1:
    resolution: {integrity: sha512-nxFz4tJYv9Yu6u4e3B1rmfh45Zmge7rD/MlTA5V98+Q5eFsqzCWTWDYvbrNEPGtnzhkqNLk4E2r3C6VSfNoZNQ==}
    engines: {node: '>=18.0.0'}
    dependencies:
      '@rauschma/stringio': 1.4.0
      '@types/node': 20.10.0
    dev: false

  /undici-types@5.26.5:
    resolution: {integrity: sha512-JlCMO+ehdEIKqlFxk6IfVoAUVmgz7cU7zD/h9XZ0qzeosSHmUJVOzSQvvYSYWXkFXC+IfLKSIffhv0sVZup6pA==}
    dev: false
