lockfileVersion: '6.0'

settings:
  autoInstallPeers: true
  excludeLinksFromLockfile: false

dependencies:
  '@atomico/hooks':
    specifier: latest
    version: 4.2.0(atomico@1.79.2)(element-internals-polyfill@0.1.55)
  '@gigya/loader':
    specifier: workspace:*
    version: link:../loader
  atomico:
    specifier: latest
    version: 1.79.2

packages:

  /@atomico/hooks@4.2.0(atomico@1.79.2)(element-internals-polyfill@0.1.55):
    resolution: {integrity: sha512-i0UImiedbZpfRn7HoPt3+EGWVTjqG+44JOH1qALGceCjheryPRckzOZaLK0U1U3Ih4O8X1mbfoFkmcli4eFviA==}
    peerDependencies:
      '@atomico/react': '*'
      '@atomico/vue': '*'
    peerDependenciesMeta:
      '@atomico/react':
        optional: true
      '@atomico/vue':
        optional: true
    dependencies:
      '@atomico/use-attributes': 2.0.1(atomico@1.79.2)
      '@atomico/use-child-nodes': 1.0.1(atomico@1.79.2)
      '@atomico/use-click-coordinates': 1.0.1(atomico@1.79.2)
      '@atomico/use-click-press': 1.0.1(atomico@1.79.2)
      '@atomico/use-copy': 1.0.1(atomico@1.79.2)
      '@atomico/use-css-light-dom': 1.0.1(atomico@1.79.2)
      '@atomico/use-current-value': 1.0.1(atomico@1.79.2)
      '@atomico/use-debounce-state': 1.0.1(atomico@1.79.2)
      '@atomico/use-disabled': 2.0.1(atomico@1.79.2)
      '@atomico/use-drag-resize': 1.0.0(atomico@1.79.2)
      '@atomico/use-form': 1.0.1(atomico@1.79.2)(element-internals-polyfill@0.1.55)
      '@atomico/use-internals': 1.0.1(atomico@1.79.2)
      '@atomico/use-intersection-observer': 1.1.0(atomico@1.79.2)
      '@atomico/use-keyboard': 1.1.0(atomico@1.79.2)
      '@atomico/use-listener': 1.1.0(atomico@1.79.2)
      '@atomico/use-media-query': 1.0.1(atomico@1.79.2)
      '@atomico/use-mutation-observer': 2.0.2(atomico@1.79.2)
      '@atomico/use-parallax': 1.0.1(atomico@1.79.2)
      '@atomico/use-parent': 1.1.1(atomico@1.79.2)
      '@atomico/use-prop-proxy': 1.0.1(atomico@1.79.2)
      '@atomico/use-reflect-event': 1.0.1(atomico@1.79.2)
      '@atomico/use-render': 1.1.1(atomico@1.79.2)
      '@atomico/use-resize-observer': 1.1.0(atomico@1.79.2)
      '@atomico/use-resize-state': 1.0.1(atomico@1.79.2)
      '@atomico/use-responsive-state': 1.0.1(atomico@1.79.2)
      '@atomico/use-router': 1.0.1(atomico@1.79.2)
      '@atomico/use-script': 1.0.1(atomico@1.79.2)
      '@atomico/use-slot': 1.0.1(atomico@1.79.2)
      '@atomico/use-value-history': 1.0.1(atomico@1.79.2)
    transitivePeerDependencies:
      - atomico
      - element-internals-polyfill
    dev: false

  /@atomico/use-attributes@2.0.1(atomico@1.79.2):
    resolution: {integrity: sha512-YmnUYJAoQsNmY0zK55E7DijvvSl5EilWirHVzyeRVacphKAWYiphj5S0lz+8d2ZQDebw/noWG8PdSLsk84z3wA==}
    peerDependencies:
      atomico: ^1.75.1
    dependencies:
      '@atomico/use-mutation-observer': 2.0.2(atomico@1.79.2)
      atomico: 1.79.2
    dev: false

  /@atomico/use-child-nodes@1.0.1(atomico@1.79.2):
    resolution: {integrity: sha512-Mjz0al79bh2TrLB6wuNImylhePtVQ5PpGYrVazGwzzmlBSRh1LYJq0QcvcvlUw2DKPkd697yFVaNgMwtQMrkjQ==}
    peerDependencies:
      atomico: ^1.75.1
    dependencies:
      atomico: 1.79.2
    dev: false

  /@atomico/use-click-coordinates@1.0.1(atomico@1.79.2):
    resolution: {integrity: sha512-u+6DpSDsFyby5+krDF4a+8xhDibFmCNPUTMRElYey9/D+khgBiw9anuYniKJyplXMkI5ns3ev7dxMQPMfMj5lA==}
    peerDependencies:
      atomico: ^1.75.1
    dependencies:
      '@atomico/use-current-value': 1.0.1(atomico@1.79.2)
      '@atomico/use-listener': 1.1.0(atomico@1.79.2)
      atomico: 1.79.2
    dev: false

  /@atomico/use-click-press@1.0.1(atomico@1.79.2):
    resolution: {integrity: sha512-vLhoStp1RXX0AysqolS8RYd1vSDKhOJU9QK45D/vtu4uqb1pZoT7sWMcQUIR7XgM4xoUkEI8Z/8ej1UrLpZhyA==}
    peerDependencies:
      atomico: ^1.75.1
    dependencies:
      '@atomico/use-listener': 1.1.0(atomico@1.79.2)
      atomico: 1.79.2
    dev: false

  /@atomico/use-copy@1.0.1(atomico@1.79.2):
    resolution: {integrity: sha512-ces7MxytvCpDuGHHpeap2uZ+CJeKi++tWMKK5uwQ8LjsyuFAi7EP/JkBmaSoQzYp4N9uWlNkJnL9zJfoi+CaQQ==}
    peerDependencies:
      atomico: ^1.75.1
    dependencies:
      atomico: 1.79.2
    dev: false

  /@atomico/use-css-light-dom@1.0.1(atomico@1.79.2):
    resolution: {integrity: sha512-sClSNYbrnTTUqW9LiJrSi5BjVyPP1bxWWvWT+kiYIU+e6UX6gaR7wCoZ8m7B/ezTukMXjcQdOLlq4RsqxUGnXQ==}
    peerDependencies:
      atomico: ^1.75.1
    dependencies:
      atomico: 1.79.2
    dev: false

  /@atomico/use-current-value@1.0.1(atomico@1.79.2):
    resolution: {integrity: sha512-d59warzhAmWyOi2VSWzXH1hw3Pafnao30y5h0D6IFs+NMPibLLybeupdwHqtsjTQlAov7Ak7Q940tzKdgGasDw==}
    peerDependencies:
      atomico: ^1.75.1
    dependencies:
      atomico: 1.79.2
    dev: false

  /@atomico/use-debounce-state@1.0.1(atomico@1.79.2):
    resolution: {integrity: sha512-vCBGP0nDxxU+RTJ4yHI0JeGeWawEf/6UMj5X0tt0Gk5XKLE/kqKBgWG0uFUh33bbhW1eXuGboeB+/qcm2b8FYw==}
    peerDependencies:
      atomico: ^1.75.1
    dependencies:
      atomico: 1.79.2
    dev: false

  /@atomico/use-disabled@2.0.1(atomico@1.79.2):
    resolution: {integrity: sha512-73IcqP2Rpd41j5TVjB823J/J5q6i1F2ZEs2BZuDRy0YRbUYAkDsi+agsuqWWiWNAxezI4zc+wYWj8GOeqilXNA==}
    peerDependencies:
      atomico: ^1.75.1
    dependencies:
      '@atomico/use-mutation-observer': 2.0.2(atomico@1.79.2)
      '@atomico/use-parent': 1.1.1(atomico@1.79.2)
      atomico: 1.79.2
    dev: false

  /@atomico/use-drag-resize@1.0.0(atomico@1.79.2):
    resolution: {integrity: sha512-+wSCARzFmOrURQKbqS0ki+fyQdNnQQosg3/Ov/PJMFLkdkCyHw9lgNjIhyHRo71AqN2hudiLC1Gtfgs5oQe/fA==}
    peerDependencies:
      atomico: ^1.75.1
    dependencies:
      '@atomico/use-debounce-state': 1.0.1(atomico@1.79.2)
      '@atomico/use-listener': 1.1.0(atomico@1.79.2)
      atomico: 1.79.2
    dev: false

  /@atomico/use-form@1.0.1(atomico@1.79.2)(element-internals-polyfill@0.1.55):
    resolution: {integrity: sha512-N3RTdUHQlJsJNF4fPV3qj1fK9HPYRrKIYyq410PGICfm4VrTsU2Dbl/eBBnWXIH3MT4VXpUsy3jRk3EFJ8wYDA==}
    peerDependencies:
      atomico: ^1.75.1
      element-internals-polyfill: ^0.1.49
    dependencies:
      '@atomico/use-listener': 1.1.0(atomico@1.79.2)
      '@atomico/use-parent': 1.1.1(atomico@1.79.2)
      '@atomico/use-render': 1.1.1(atomico@1.79.2)
      atomico: 1.79.2
      element-internals-polyfill: 0.1.55
    dev: false

  /@atomico/use-internals@1.0.1(atomico@1.79.2):
    resolution: {integrity: sha512-qLHWzW/lsq9KyoC6v8HM+WiVsbGd2oUy7rl4x/dsouEW/E9qcTsTVeB8tMGL6O+ixYq5fj9BxCuGl49sU2zqIQ==}
    peerDependencies:
      atomico: ^1.75.1
    dependencies:
      atomico: 1.79.2
    dev: false

  /@atomico/use-intersection-observer@1.1.0(atomico@1.79.2):
    resolution: {integrity: sha512-0p1X6PSpoztM1wcL0wcO//g2fODSwqWETS4cL+X+3nW5Yjc5d++kjvHq0q2GvhN4VvCAZX9jod3I8iM2eXWWZg==}
    peerDependencies:
      atomico: ^1.76.4
    dependencies:
      atomico: 1.79.2
    dev: false

  /@atomico/use-keyboard@1.1.0(atomico@1.79.2):
    resolution: {integrity: sha512-VGA2jDh5nD361IColbRztN4/Wcydhx0MhLZ9emIPtvPsfzUyOdI7mm47OvlnzliaCUnu96G2DuMih9AnR+XzeA==}
    peerDependencies:
      atomico: ^1.76.4
    dependencies:
      '@atomico/use-current-value': 1.0.1(atomico@1.79.2)
      '@atomico/use-listener': 1.1.0(atomico@1.79.2)
      atomico: 1.79.2
    dev: false

  /@atomico/use-listener@1.1.0(atomico@1.79.2):
    resolution: {integrity: sha512-d7LcW/Rvokfpb/FBBDaBedLygNJmIaznIgDc2xkUxfQFiXyzMAzsNAAHzY0ZEddiYKtxdbkwrZotDDWkhC6/ug==}
    peerDependencies:
      atomico: ^1.76.4
    dependencies:
      '@atomico/use-current-value': 1.0.1(atomico@1.79.2)
      atomico: 1.79.2
    dev: false

  /@atomico/use-media-query@1.0.1(atomico@1.79.2):
    resolution: {integrity: sha512-7mWFsfs1PzoFXjpa08SZuAN5Ut9UXGNSc/5U9odAJgGvSRnbAoVTguDpHsHVyEAKVt6lRGJPGIytWaVpuzyyWg==}
    peerDependencies:
      atomico: ^1.75.1
    dependencies:
      atomico: 1.79.2
    dev: false

  /@atomico/use-mutation-observer@2.0.2(atomico@1.79.2):
    resolution: {integrity: sha512-l5upQLTMSDvwCEq0oXL56vKtmg4SykKSMcNJsgA503hZ35AXmB0LJMz4+dfBCVcahxV7kT0RUnAb9ZE0Q+8rwA==}
    peerDependencies:
      atomico: ^1.75.1
    dependencies:
      '@atomico/use-current-value': 1.0.1(atomico@1.79.2)
      '@atomico/use-ref-values': 1.0.1(atomico@1.79.2)
      atomico: 1.79.2
    dev: false

  /@atomico/use-parallax@1.0.1(atomico@1.79.2):
    resolution: {integrity: sha512-0swK5Wr6ZD19gCql9iDSE8FlhJ67Ji+odVzhu4CdmU909e1B4Ob16rU5UuHnbDphAh2NZQ780O9CRhuxOUqWRw==}
    peerDependencies:
      atomico: ^1.75.1
    dependencies:
      '@atomico/use-debounce-state': 1.0.1(atomico@1.79.2)
      '@atomico/use-intersection-observer': 1.1.0(atomico@1.79.2)
      '@atomico/use-listener': 1.1.0(atomico@1.79.2)
      atomico: 1.79.2
    dev: false

  /@atomico/use-parent@1.1.1(atomico@1.79.2):
    resolution: {integrity: sha512-a/gaEH9lVUgoc/ufyLCTjAZiOjRLBtZQLTV4V2DD9MKHQQsL6PColeDk9Qbf6RONo77cfJ60MN+ctjhu98Y8Ow==}
    peerDependencies:
      atomico: ^1.75.1
    dependencies:
      atomico: 1.79.2
    dev: false

  /@atomico/use-prop-proxy@1.0.1(atomico@1.79.2):
    resolution: {integrity: sha512-20j1nn8HL52iSo6Y0v210/I90+usm3N7VNcHOYQIjRhiB7YwOqAJhKlbWQwXSEV5pFBhwUGu+Ks9FQdvJG3Esg==}
    peerDependencies:
      atomico: ^1.75.1
    dependencies:
      '@atomico/use-current-value': 1.0.1(atomico@1.79.2)
      atomico: 1.79.2
    dev: false

  /@atomico/use-ref-values@1.0.1(atomico@1.79.2):
    resolution: {integrity: sha512-IFuwav8IkZ9uSFGscPiubYZnfSbdz2yV4xXdEClBq6IiViP0j8cBisE6YB7eAATJ/EHf7uhIBQGL5LOCk8Vi7A==}
    peerDependencies:
      atomico: ^1.75.1
    dependencies:
      atomico: 1.79.2
    dev: false

  /@atomico/use-reflect-event@1.0.1(atomico@1.79.2):
    resolution: {integrity: sha512-HFAREdUlGp48PlhQ9UNfPX7DNI6GgqfmK61yoq3/F9KJow/48ZYnEPlyYy1/GxAeHOTnCK4C8OhclHH2jg8Gzw==}
    peerDependencies:
      atomico: ^1.75.1
    dependencies:
      '@atomico/use-listener': 1.1.0(atomico@1.79.2)
      atomico: 1.79.2
    dev: false

  /@atomico/use-render@1.1.1(atomico@1.79.2):
    resolution: {integrity: sha512-SkXTapKVDU/8PzP2z3psOPi3hoKWckSo0T/Q/HSxeu7TGbIpLTsn9jugWZG/rqzTOToOnhLaZ8s0qEEXCsL7ag==}
    peerDependencies:
      atomico: ^1.75.1
    dependencies:
      atomico: 1.79.2
    dev: false

  /@atomico/use-resize-observer@1.1.0(atomico@1.79.2):
    resolution: {integrity: sha512-NcFs6G4dFwckO4IPrCzEpPEn1btuHZlHrrvaJnDCW+mf0UuEynwpCUD/264rkVIp5jfdAq4WTE3CBmBm7Nk89g==}
    peerDependencies:
      atomico: ^1.76.4
    dependencies:
      '@atomico/use-current-value': 1.0.1(atomico@1.79.2)
      atomico: 1.79.2
    dev: false

  /@atomico/use-resize-state@1.0.1(atomico@1.79.2):
    resolution: {integrity: sha512-4gAklY6MxluHCPvC+4oM1c4ArqzDhPRMoSx1egM4OopEew9MwPJymKCCKbKpMe0SIjayAZv9Y2ZdYopn0xrwhQ==}
    peerDependencies:
      atomico: ^1.75.1
    dependencies:
      '@atomico/use-resize-observer': 1.1.0(atomico@1.79.2)
      '@uppercod/match-media': 1.1.1
      atomico: 1.79.2
    dev: false

  /@atomico/use-responsive-state@1.0.1(atomico@1.79.2):
    resolution: {integrity: sha512-OXjVEBtZRAO5S+mEHe7Lb0r3eDonzGhDCLK1slQwc0N09oxUbz18lSrOPvWB05ezL9fitrxfY+auAIB7AIAUPA==}
    peerDependencies:
      atomico: ^1.75.1
    dependencies:
      '@uppercod/match-media': 1.1.1
      atomico: 1.79.2
    dev: false

  /@atomico/use-router@1.0.1(atomico@1.79.2):
    resolution: {integrity: sha512-YaTSNDIdJHK18pUJmQR5cmHn0ek3OEJXw/Sids9+2VmXR/vNPuM79FXYlqCsxi5/9De2c+/jUypqxjp3PyXmhA==}
    peerDependencies:
      atomico: ^1.75.1
    dependencies:
      '@atomico/use-current-value': 1.0.1(atomico@1.79.2)
      '@atomico/use-listener': 1.1.0(atomico@1.79.2)
      '@uppercod/exp-route': 1.4.2
      atomico: 1.79.2
    dev: false

  /@atomico/use-script@1.0.1(atomico@1.79.2):
    resolution: {integrity: sha512-FXVlQrXVfkbqHzgOkkoE9RmuTlZ2m6Kp64JgM1+jsHL+LpHFtAI7vIRnzyfGA0XvLXESgU8391qPY5z8lxpY7Q==}
    peerDependencies:
      atomico: ^1.75.1
    dependencies:
      atomico: 1.79.2
    dev: false

  /@atomico/use-slot@1.0.1(atomico@1.79.2):
    resolution: {integrity: sha512-ndaaAjhu4RegzVL8shoKgHbWHXFgBdoeqc0rj4giIz4xv8//3uMcI0zQvRRHq1QKTvvc3/ROVW919AG5e/i0cQ==}
    peerDependencies:
      atomico: ^1.75.1
    dependencies:
      '@atomico/use-listener': 1.1.0(atomico@1.79.2)
      atomico: 1.79.2
    dev: false

  /@atomico/use-value-history@1.0.1(atomico@1.79.2):
    resolution: {integrity: sha512-a0mtNNQ7AXOtJF93ySqp0sw1AQg6GiAEtoThpePEH/CCU07tyW2lKsAINU4/SYxZKYhyMbqBTuziK4D7gixFXg==}
    peerDependencies:
      atomico: ^1.75.1
    dependencies:
      atomico: 1.79.2
    dev: false

  /@uppercod/exp-route@1.4.2:
    resolution: {integrity: sha512-rRljihqBd3fBdWSKi4F+ev7OVJfjQyXSfwAxtjaA6PUcpBPbT0GjlJrXKa3wcFAMqE5brAjW0rMxTpXwbKv0pQ==}
    dev: false

  /@uppercod/match-media@1.1.1:
    resolution: {integrity: sha512-ITGhdyxadb1ypwow3TkXGdF6vWAmRZWxxfUysZz2kvsGjgaCNSuJzbfLTeWEC+BeL651U18RwZlgpX93ZCRTFg==}
    dev: false

  /atomico@1.79.2:
    resolution: {integrity: sha512-mshhLRMeIltNYbnQnqgnrvJ/uDa8XDfTQcjw3ymOygQqwHIQ4Sp0LcNYMCbACkV3DtV+eDXb9szwU4qMUuGwYQ==}
    dev: false

  /element-internals-polyfill@0.1.55:
    resolution: {integrity: sha512-clsNGQoOsCs8zlkT3q8Sgk9JcFZgYT0cDuXPEmD7ca8bthrYjhXQ19cIz5JGmo8CfQ+g7+SXJkfqBVw5mWB64w==}
    dev: false
