lockfileVersion: '6.0'

settings:
  autoInstallPeers: true
  excludeLinksFromLockfile: false

dependencies:
  '@lit/context':
    specifier: ^1.1.0
    version: 1.1.0

packages:

  /@lit-labs/ssr-dom-shim@1.1.2:
    resolution: {integrity: sha512-jnOD+/+dSrfTWYfSXBXlo5l5f0q1UuJo3tkbMDCYA2lKUYq79jaxqtGEvnRoh049nt1vdo1+45RinipU6FGY2g==}
    dev: false

  /@lit/context@1.1.0:
    resolution: {integrity: sha512-fCyv4dsH05wCNm3AKbB+PdYbXGJd/XT8OOwo4hVmD4COq5wOWJlQreGAMDvmHZ7osqxuu06Y4nmP6ooXpN7ErA==}
    dependencies:
      '@lit/reactive-element': 2.0.2
    dev: false

  /@lit/reactive-element@2.0.2:
    resolution: {integrity: sha512-SVOwLAWUQg3Ji1egtOt1UiFe4zdDpnWHyc5qctSceJ5XIu0Uc76YmGpIjZgx9YJ0XtdW0Jm507sDvjOu+HnB8w==}
    dependencies:
      '@lit-labs/ssr-dom-shim': 1.1.2
    dev: false
